
Microsoft Visual Studio Solution File, Format Version 12.00
# Visual Studio Version 16
VisualStudioVersion = 16.0.29230.47
MinimumVisualStudioVersion = 10.0.40219.1
Project("{FAE04EC0-301F-11D3-BF4B-00C04F79EFBC}") = "Task1", "Task1\Task1.csproj", "{3F970AA3-4572-4546-A6D5-B37D3BBB5B9B}"
EndProject
Project("{FAE04EC0-301F-11D3-BF4B-00C04F79EFBC}") = "Task2", "Task2\Task2.csproj", "{784FD020-EA5E-4F83-AD3C-91802049D571}"
EndProject
Global
	GlobalSection(SolutionConfigurationPlatforms) = preSolution
		Debug|Any CPU = Debug|Any CPU
		Release|Any CPU = Release|Any CPU
	EndGlobalSection
	GlobalSection(ProjectConfigurationPlatforms) = postSolution
		{3F970AA3-4572-4546-A6D5-B37D3BBB5B9B}.Debug|Any CPU.ActiveCfg = Debug|Any CPU
		{3F970AA3-4572-4546-A6D5-B37D3BBB5B9B}.Debug|Any CPU.Build.0 = Debug|Any CPU
		{3F970AA3-4572-4546-A6D5-B37D3BBB5B9B}.Release|Any CPU.ActiveCfg = Release|Any CPU
		{3F970AA3-4572-4546-A6D5-B37D3BBB5B9B}.Release|Any CPU.Build.0 = Release|Any CPU
		{784FD020-EA5E-4F83-AD3C-91802049D571}.Debug|Any CPU.ActiveCfg = Debug|Any CPU
		{784FD020-EA5E-4F83-AD3C-91802049D571}.Debug|Any CPU.Build.0 = Debug|Any CPU
		{784FD020-EA5E-4F83-AD3C-91802049D571}.Release|Any CPU.ActiveCfg = Release|Any CPU
		{784FD020-EA5E-4F83-AD3C-91802049D571}.Release|Any CPU.Build.0 = Release|Any CPU
	EndGlobalSection
	GlobalSection(SolutionProperties) = preSolution
		HideSolutionNode = FALSE
	EndGlobalSection
	GlobalSection(ExtensibilityGlobals) = postSolution
		SolutionGuid = {CF145D96-1C04-4B8F-9C68-72858C397602}
	EndGlobalSection
EndGlobal
